// !$*UTF8*$!
{
	archiveVersion = 1;
	classes = {
	};
	objectVersion = 50;
	objects = {

/* Begin PBXBuildFile section */
		82575FDA2583DD1E00804783 /* AppDelegate.swift in Sources */ = {isa = PBXBuildFile; fileRef = 82575FD92583DD1E00804783 /* AppDelegate.swift */; };
		82575FDC2583DD1E00804783 /* SceneDelegate.swift in Sources */ = {isa = PBXBuildFile; fileRef = 82575FDB2583DD1E00804783 /* SceneDelegate.swift */; };
		82575FDE2583DD1E00804783 /* ViewController.swift in Sources */ = {isa = PBXBuildFile; fileRef = 82575FDD2583DD1E00804783 /* ViewController.swift */; };
		82575FE12583DD1E00804783 /* Main.storyboard in Resources */ = {isa = PBXBuildFile; fileRef = 82575FDF2583DD1E00804783 /* Main.storyboard */; };
		82575FE32583DD1F00804783 /* Assets.xcassets in Resources */ = {isa = PBXBuildFile; fileRef = 82575FE22583DD1F00804783 /* Assets.xcassets */; };
		82575FE62583DD1F00804783 /* LaunchScreen.storyboard in Resources */ = {isa = PBXBuildFile; fileRef = 82575FE42583DD1F00804783 /* LaunchScreen.storyboard */; };
		82575FF12583DD1F00804783 /* UDPHeadTrackTests.swift in Sources */ = {isa = PBXBuildFile; fileRef = 82575FF02583DD1F00804783 /* UDPHeadTrackTests.swift */; };
		82575FFC2583DD1F00804783 /* UDPHeadTrackUITests.swift in Sources */ = {isa = PBXBuildFile; fileRef = 82575FFB2583DD1F00804783 /* UDPHeadTrackUITests.swift */; };
/* End PBXBuildFile section */

/* Begin PBXContainerItemProxy section */
		82575FED2583DD1F00804783 /* PBXContainerItemProxy */ = {
			isa = PBXContainerItemProxy;
			containerPortal = 82575FCE2583DD1E00804783 /* Project object */;
			proxyType = 1;
			remoteGlobalIDString = 82575FD52583DD1E00804783;
			remoteInfo = UDPHeadTrack;
		};
		82575FF82583DD1F00804783 /* PBXContainerItemProxy */ = {
			isa = PBXContainerItemProxy;
			containerPortal = 82575FCE2583DD1E00804783 /* Project object */;
			proxyType = 1;
			remoteGlobalIDString = 82575FD52583DD1E00804783;
			remoteInfo = UDPHeadTrack;
		};
/* End PBXContainerItemProxy section */

/* Begin PBXFileReference section */
		82575FD62583DD1E00804783 /* SensorHeadTrack.app */ = {isa = PBXFileReference; explicitFileType = wrapper.application; includeInIndex = 0; path = SensorHeadTrack.app; sourceTree = BUILT_PRODUCTS_DIR; };
		82575FD92583DD1E00804783 /* AppDelegate.swift */ = {isa = PBXFileReference; lastKnownFileType = sourcecode.swift; path = AppDelegate.swift; sourceTree = "<group>"; };
		82575FDB2583DD1E00804783 /* SceneDelegate.swift */ = {isa = PBXFileReference; lastKnownFileType = sourcecode.swift; path = SceneDelegate.swift; sourceTree = "<group>"; };
		82575FDD2583DD1E00804783 /* ViewController.swift */ = {isa = PBXFileReference; lastKnownFileType = sourcecode.swift; path = ViewController.swift; sourceTree = "<group>"; };
		82575FE02583DD1E00804783 /* Base */ = {isa = PBXFileReference; lastKnownFileType = file.storyboard; name = Base; path = Base.lproj/Main.storyboard; sourceTree = "<group>"; };
		82575FE22583DD1F00804783 /* Assets.xcassets */ = {isa = PBXFileReference; lastKnownFileType = folder.assetcatalog; path = Assets.xcassets; sourceTree = "<group>"; };
		82575FE52583DD1F00804783 /* Base */ = {isa = PBXFileReference; lastKnownFileType = file.storyboard; name = Base; path = Base.lproj/LaunchScreen.storyboard; sourceTree = "<group>"; };
		82575FE72583DD1F00804783 /* Info.plist */ = {isa = PBXFileReference; lastKnownFileType = text.plist.xml; path = Info.plist; sourceTree = "<group>"; };
		82575FEC2583DD1F00804783 /* SensorHeadTrackTests.xctest */ = {isa = PBXFileReference; explicitFileType = wrapper.cfbundle; includeInIndex = 0; path = SensorHeadTrackTests.xctest; sourceTree = BUILT_PRODUCTS_DIR; };
		82575FF02583DD1F00804783 /* UDPHeadTrackTests.swift */ = {isa = PBXFileReference; lastKnownFileType = sourcecode.swift; path = UDPHeadTrackTests.swift; sourceTree = "<group>"; };
		82575FF22583DD1F00804783 /* Info.plist */ = {isa = PBXFileReference; lastKnownFileType = text.plist.xml; path = Info.plist; sourceTree = "<group>"; };
		82575FF72583DD1F00804783 /* SensorHeadTrackUITests.xctest */ = {isa = PBXFileReference; explicitFileType = wrapper.cfbundle; includeInIndex = 0; path = SensorHeadTrackUITests.xctest; sourceTree = BUILT_PRODUCTS_DIR; };
		82575FFB2583DD1F00804783 /* UDPHeadTrackUITests.swift */ = {isa = PBXFileReference; lastKnownFileType = sourcecode.swift; path = UDPHeadTrackUITests.swift; sourceTree = "<group>"; };
		82575FFD2583DD1F00804783 /* Info.plist */ = {isa = PBXFileReference; lastKnownFileType = text.plist.xml; path = Info.plist; sourceTree = "<group>"; };
/* End PBXFileReference section */

/* Begin PBXFrameworksBuildPhase section */
		82575FD32583DD1E00804783 /* Frameworks */ = {
			isa = PBXFrameworksBuildPhase;
			buildActionMask = 2147483647;
			files = (
			);
			runOnlyForDeploymentPostprocessing = 0;
		};
		82575FE92583DD1F00804783 /* Frameworks */ = {
			isa = PBXFrameworksBuildPhase;
			buildActionMask = 2147483647;
			files = (
			);
			runOnlyForDeploymentPostprocessing = 0;
		};
		82575FF42583DD1F00804783 /* Frameworks */ = {
			isa = PBXFrameworksBuildPhase;
			buildActionMask = 2147483647;
			files = (
			);
			runOnlyForDeploymentPostprocessing = 0;
		};
/* End PBXFrameworksBuildPhase section */

/* Begin PBXGroup section */
		82575FCD2583DD1E00804783 = {
			isa = PBXGroup;
			children = (
				82575FD82583DD1E00804783 /* SensorHeadTrack */,
				82575FEF2583DD1F00804783 /* SensorHeadTrackTests */,
				82575FFA2583DD1F00804783 /* SensorHeadTrackUITests */,
				82575FD72583DD1E00804783 /* Products */,
			);
			sourceTree = "<group>";
		};
		82575FD72583DD1E00804783 /* Products */ = {
			isa = PBXGroup;
			children = (
				82575FD62583DD1E00804783 /* SensorHeadTrack.app */,
				82575FEC2583DD1F00804783 /* SensorHeadTrackTests.xctest */,
				82575FF72583DD1F00804783 /* SensorHeadTrackUITests.xctest */,
			);
			name = Products;
			sourceTree = "<group>";
		};
		82575FD82583DD1E00804783 /* SensorHeadTrack */ = {
			isa = PBXGroup;
			children = (
				82575FD92583DD1E00804783 /* AppDelegate.swift */,
				82575FDB2583DD1E00804783 /* SceneDelegate.swift */,
				82575FDD2583DD1E00804783 /* ViewController.swift */,
				82575FDF2583DD1E00804783 /* Main.storyboard */,
				82575FE22583DD1F00804783 /* Assets.xcassets */,
				82575FE42583DD1F00804783 /* LaunchScreen.storyboard */,
				82575FE72583DD1F00804783 /* Info.plist */,
			);
			path = SensorHeadTrack;
			sourceTree = "<group>";
		};
		82575FEF2583DD1F00804783 /* SensorHeadTrackTests */ = {
			isa = PBXGroup;
			children = (
				82575FF02583DD1F00804783 /* UDPHeadTrackTests.swift */,
				82575FF22583DD1F00804783 /* Info.plist */,
			);
			path = SensorHeadTrackTests;
			sourceTree = "<group>";
		};
		82575FFA2583DD1F00804783 /* SensorHeadTrackUITests */ = {
			isa = PBXGroup;
			children = (
				82575FFB2583DD1F00804783 /* UDPHeadTrackUITests.swift */,
				82575FFD2583DD1F00804783 /* Info.plist */,
			);
			path = SensorHeadTrackUITests;
			sourceTree = "<group>";
		};
/* End PBXGroup section */

/* Begin PBXNativeTarget section */
		82575FD52583DD1E00804783 /* SensorHeadTrack */ = {
			isa = PBXNativeTarget;
			buildConfigurationList = 825760002583DD1F00804783 /* Build configuration list for PBXNativeTarget "SensorHeadTrack" */;
			buildPhases = (
				82575FD22583DD1E00804783 /* Sources */,
				82575FD32583DD1E00804783 /* Frameworks */,
				82575FD42583DD1E00804783 /* Resources */,
			);
			buildRules = (
			);
			dependencies = (
			);
			name = SensorHeadTrack;
			productName = UDPHeadTrack;
			productReference = 82575FD62583DD1E00804783 /* SensorHeadTrack.app */;
			productType = "com.apple.product-type.application";
		};
		82575FEB2583DD1F00804783 /* SensorHeadTrackTests */ = {
			isa = PBXNativeTarget;
			buildConfigurationList = 825760032583DD1F00804783 /* Build configuration list for PBXNativeTarget "SensorHeadTrackTests" */;
			buildPhases = (
				82575FE82583DD1F00804783 /* Sources */,
				82575FE92583DD1F00804783 /* Frameworks */,
				82575FEA2583DD1F00804783 /* Resources */,
			);
			buildRules = (
			);
			dependencies = (
				82575FEE2583DD1F00804783 /* PBXTargetDependency */,
			);
			name = SensorHeadTrackTests;
			productName = UDPHeadTrackTests;
			productReference = 82575FEC2583DD1F00804783 /* SensorHeadTrackTests.xctest */;
			productType = "com.apple.product-type.bundle.unit-test";
		};
		82575FF62583DD1F00804783 /* SensorHeadTrackUITests */ = {
			isa = PBXNativeTarget;
			buildConfigurationList = 825760062583DD1F00804783 /* Build configuration list for PBXNativeTarget "SensorHeadTrackUITests" */;
			buildPhases = (
				82575FF32583DD1F00804783 /* Sources */,
				82575FF42583DD1F00804783 /* Frameworks */,
				82575FF52583DD1F00804783 /* Resources */,
			);
			buildRules = (
			);
			dependencies = (
				82575FF92583DD1F00804783 /* PBXTargetDependency */,
			);
			name = SensorHeadTrackUITests;
			productName = UDPHeadTrackUITests;
			productReference = 82575FF72583DD1F00804783 /* SensorHeadTrackUITests.xctest */;
			productType = "com.apple.product-type.bundle.ui-testing";
		};
/* End PBXNativeTarget section */

/* Begin PBXProject section */
		82575FCE2583DD1E00804783 /* Project object */ = {
			isa = PBXProject;
			attributes = {
				LastSwiftUpdateCheck = 1220;
				LastUpgradeCheck = 1220;
				TargetAttributes = {
					82575FD52583DD1E00804783 = {
						CreatedOnToolsVersion = 12.2;
					};
					82575FEB2583DD1F00804783 = {
						CreatedOnToolsVersion = 12.2;
						TestTargetID = 82575FD52583DD1E00804783;
					};
					82575FF62583DD1F00804783 = {
						CreatedOnToolsVersion = 12.2;
						TestTargetID = 82575FD52583DD1E00804783;
					};
				};
			};
			buildConfigurationList = 82575FD12583DD1E00804783 /* Build configuration list for PBXProject "SensorHeadTrack" */;
			compatibilityVersion = "Xcode 9.3";
			developmentRegion = en;
			hasScannedForEncodings = 0;
			knownRegions = (
				en,
				Base,
			);
			mainGroup = 82575FCD2583DD1E00804783;
			productRefGroup = 82575FD72583DD1E00804783 /* Products */;
			projectDirPath = "";
			projectRoot = "";
			targets = (
				82575FD52583DD1E00804783 /* SensorHeadTrack */,
				82575FEB2583DD1F00804783 /* SensorHeadTrackTests */,
				82575FF62583DD1F00804783 /* SensorHeadTrackUITests */,
			);
		};
/* End PBXProject section */

/* Begin PBXResourcesBuildPhase section */
		82575FD42583DD1E00804783 /* Resources */ = {
			isa = PBXResourcesBuildPhase;
			buildActionMask = 2147483647;
			files = (
				82575FE62583DD1F00804783 /* LaunchScreen.storyboard in Resources */,
				82575FE32583DD1F00804783 /* Assets.xcassets in Resources */,
				82575FE12583DD1E00804783 /* Main.storyboard in Resources */,
			);
			runOnlyForDeploymentPostprocessing = 0;
		};
		82575FEA2583DD1F00804783 /* Resources */ = {
			isa = PBXResourcesBuildPhase;
			buildActionMask = 2147483647;
			files = (
			);
			runOnlyForDeploymentPostprocessing = 0;
		};
		82575FF52583DD1F00804783 /* Resources */ = {
			isa = PBXResourcesBuildPhase;
			buildActionMask = 2147483647;
			files = (
			);
			runOnlyForDeploymentPostprocessing = 0;
		};
/* End PBXResourcesBuildPhase section */

/* Begin PBXSourcesBuildPhase section */
		82575FD22583DD1E00804783 /* Sources */ = {
			isa = PBXSourcesBuildPhase;
			buildActionMask = 2147483647;
			files = (
				82575FDE2583DD1E00804783 /* ViewController.swift in Sources */,
				82575FDA2583DD1E00804783 /* AppDelegate.swift in Sources */,
				82575FDC2583DD1E00804783 /* SceneDelegate.swift in Sources */,
			);
			runOnlyForDeploymentPostprocessing = 0;
		};
		82575FE82583DD1F00804783 /* Sources */ = {
			isa = PBXSourcesBuildPhase;
			buildActionMask = 2147483647;
			files = (
				82575FF12583DD1F00804783 /* UDPHeadTrackTests.swift in Sources */,
			);
			runOnlyForDeploymentPostprocessing = 0;
		};
		82575FF32583DD1F00804783 /* Sources */ = {
			isa = PBXSourcesBuildPhase;
			buildActionMask = 2147483647;
			files = (
				82575FFC2583DD1F00804783 /* UDPHeadTrackUITests.swift in Sources */,
			);
			runOnlyForDeploymentPostprocessing = 0;
		};
/* End PBXSourcesBuildPhase section */

/* Begin PBXTargetDependency section */
		82575FEE2583DD1F00804783 /* PBXTargetDependency */ = {
			isa = PBXTargetDependency;
			target = 82575FD52583DD1E00804783 /* SensorHeadTrack */;
			targetProxy = 82575FED2583DD1F00804783 /* PBXContainerItemProxy */;
		};
		82575FF92583DD1F00804783 /* PBXTargetDependency */ = {
			isa = PBXTargetDependency;
			target = 82575FD52583DD1E00804783 /* SensorHeadTrack */;
			targetProxy = 82575FF82583DD1F00804783 /* PBXContainerItemProxy */;
		};
/* End PBXTargetDependency section */

/* Begin PBXVariantGroup section */
		82575FDF2583DD1E00804783 /* Main.storyboard */ = {
			isa = PBXVariantGroup;
			children = (
				82575FE02583DD1E00804783 /* Base */,
			);
			name = Main.storyboard;
			sourceTree = "<group>";
		};
		82575FE42583DD1F00804783 /* LaunchScreen.storyboard */ = {
			isa = PBXVariantGroup;
			children = (
				82575FE52583DD1F00804783 /* Base */,
			);
			name = LaunchScreen.storyboard;
			sourceTree = "<group>";
		};
/* End PBXVariantGroup section */

/* Begin XCBuildConfiguration section */
		82575FFE2583DD1F00804783 /* Debug */ = {
			isa = XCBuildConfiguration;
			buildSettings = {
				ALWAYS_SEARCH_USER_PATHS = NO;
				CLANG_ANALYZER_NONNULL = YES;
				CLANG_ANALYZER_NUMBER_OBJECT_CONVERSION = YES_AGGRESSIVE;
				CLANG_CXX_LANGUAGE_STANDARD = "gnu++14";
				CLANG_CXX_LIBRARY = "libc++";
				CLANG_ENABLE_MODULES = YES;
				CLANG_ENABLE_OBJC_ARC = YES;
				CLANG_ENABLE_OBJC_WEAK = YES;
				CLANG_WARN_BLOCK_CAPTURE_AUTORELEASING = YES;
				CLANG_WARN_BOOL_CONVERSION = YES;
				CLANG_WARN_COMMA = YES;
				CLANG_WARN_CONSTANT_CONVERSION = YES;
				CLANG_WARN_DEPRECATED_OBJC_IMPLEMENTATIONS = YES;
				CLANG_WARN_DIRECT_OBJC_ISA_USAGE = YES_ERROR;
				CLANG_WARN_DOCUMENTATION_COMMENTS = YES;
				CLANG_WARN_EMPTY_BODY = YES;
				CLANG_WARN_ENUM_CONVERSION = YES;
				CLANG_WARN_INFINITE_RECURSION = YES;
				CLANG_WARN_INT_CONVERSION = YES;
				CLANG_WARN_NON_LITERAL_NULL_CONVERSION = YES;
				CLANG_WARN_OBJC_IMPLICIT_RETAIN_SELF = YES;
				CLANG_WARN_OBJC_LITERAL_CONVERSION = YES;
				CLANG_WARN_OBJC_ROOT_CLASS = YES_ERROR;
				CLANG_WARN_QUOTED_INCLUDE_IN_FRAMEWORK_HEADER = YES;
				CLANG_WARN_RANGE_LOOP_ANALYSIS = YES;
				CLANG_WARN_STRICT_PROTOTYPES = YES;
				CLANG_WARN_SUSPICIOUS_MOVE = YES;
				CLANG_WARN_UNGUARDED_AVAILABILITY = YES_AGGRESSIVE;
				CLANG_WARN_UNREACHABLE_CODE = YES;
				CLANG_WARN__DUPLICATE_METHOD_MATCH = YES;
				COPY_PHASE_STRIP = NO;
				DEBUG_INFORMATION_FORMAT = dwarf;
				ENABLE_STRICT_OBJC_MSGSEND = YES;
				ENABLE_TESTABILITY = YES;
				GCC_C_LANGUAGE_STANDARD = gnu11;
				GCC_DYNAMIC_NO_PIC = NO;
				GCC_NO_COMMON_BLOCKS = YES;
				GCC_OPTIMIZATION_LEVEL = 0;
				GCC_PREPROCESSOR_DEFINITIONS = (
					"DEBUG=1",
					"$(inherited)",
				);
				GCC_WARN_64_TO_32_BIT_CONVERSION = YES;
				GCC_WARN_ABOUT_RETURN_TYPE = YES_ERROR;
				GCC_WARN_UNDECLARED_SELECTOR = YES;
				GCC_WARN_UNINITIALIZED_AUTOS = YES_AGGRESSIVE;
				GCC_WARN_UNUSED_FUNCTION = YES;
				GCC_WARN_UNUSED_VARIABLE = YES;
				IPHONEOS_DEPLOYMENT_TARGET = 14.2;
				MTL_ENABLE_DEBUG_INFO = INCLUDE_SOURCE;
				MTL_FAST_MATH = YES;
				ONLY_ACTIVE_ARCH = YES;
				SDKROOT = iphoneos;
				SWIFT_ACTIVE_COMPILATION_CONDITIONS = DEBUG;
				SWIFT_OPTIMIZATION_LEVEL = "-Onone";
			};
			name = Debug;
		};
		82575FFF2583DD1F00804783 /* Release */ = {
			isa = XCBuildConfiguration;
			buildSettings = {
				ALWAYS_SEARCH_USER_PATHS = NO;
				CLANG_ANALYZER_NONNULL = YES;
				CLANG_ANALYZER_NUMBER_OBJECT_CONVERSION = YES_AGGRESSIVE;
				CLANG_CXX_LANGUAGE_STANDARD = "gnu++14";
				CLANG_CXX_LIBRARY = "libc++";
				CLANG_ENABLE_MODULES = YES;
				CLANG_ENABLE_OBJC_ARC = YES;
				CLANG_ENABLE_OBJC_WEAK = YES;
				CLANG_WARN_BLOCK_CAPTURE_AUTORELEASING = YES;
				CLANG_WARN_BOOL_CONVERSION = YES;
				CLANG_WARN_COMMA = YES;
				CLANG_WARN_CONSTANT_CONVERSION = YES;
				CLANG_WARN_DEPRECATED_OBJC_IMPLEMENTATIONS = YES;
				CLANG_WARN_DIRECT_OBJC_ISA_USAGE = YES_ERROR;
				CLANG_WARN_DOCUMENTATION_COMMENTS = YES;
				CLANG_WARN_EMPTY_BODY = YES;
				CLANG_WARN_ENUM_CONVERSION = YES;
				CLANG_WARN_INFINITE_RECURSION = YES;
				CLANG_WARN_INT_CONVERSION = YES;
				CLANG_WARN_NON_LITERAL_NULL_CONVERSION = YES;
				CLANG_WARN_OBJC_IMPLICIT_RETAIN_SELF = YES;
				CLANG_WARN_OBJC_LITERAL_CONVERSION = YES;
				CLANG_WARN_OBJC_ROOT_CLASS = YES_ERROR;
				CLANG_WARN_QUOTED_INCLUDE_IN_FRAMEWORK_HEADER = YES;
				CLANG_WARN_RANGE_LOOP_ANALYSIS = YES;
				CLANG_WARN_STRICT_PROTOTYPES = YES;
				CLANG_WARN_SUSPICIOUS_MOVE = YES;
				CLANG_WARN_UNGUARDED_AVAILABILITY = YES_AGGRESSIVE;
				CLANG_WARN_UNREACHABLE_CODE = YES;
				CLANG_WARN__DUPLICATE_METHOD_MATCH = YES;
				COPY_PHASE_STRIP = NO;
				DEBUG_INFORMATION_FORMAT = "dwarf-with-dsym";
				ENABLE_NS_ASSERTIONS = NO;
				ENABLE_STRICT_OBJC_MSGSEND = YES;
				GCC_C_LANGUAGE_STANDARD = gnu11;
				GCC_NO_COMMON_BLOCKS = YES;
				GCC_WARN_64_TO_32_BIT_CONVERSION = YES;
				GCC_WARN_ABOUT_RETURN_TYPE = YES_ERROR;
				GCC_WARN_UNDECLARED_SELECTOR = YES;
				GCC_WARN_UNINITIALIZED_AUTOS = YES_AGGRESSIVE;
				GCC_WARN_UNUSED_FUNCTION = YES;
				GCC_WARN_UNUSED_VARIABLE = YES;
				IPHONEOS_DEPLOYMENT_TARGET = 14.2;
				MTL_ENABLE_DEBUG_INFO = NO;
				MTL_FAST_MATH = YES;
				SDKROOT = iphoneos;
				SWIFT_COMPILATION_MODE = wholemodule;
				SWIFT_OPTIMIZATION_LEVEL = "-O";
				VALIDATE_PRODUCT = YES;
			};
			name = Release;
		};
		825760012583DD1F00804783 /* Debug */ = {
			isa = XCBuildConfiguration;
			buildSettings = {
				ASSETCATALOG_COMPILER_APPICON_NAME = AppIcon;
				ASSETCATALOG_COMPILER_GLOBAL_ACCENT_COLOR_NAME = AccentColor;
				CODE_SIGN_STYLE = Automatic;
				DEVELOPMENT_TEAM = UYUTC7A3XW;
				INFOPLIST_FILE = SensorHeadTrack/Info.plist;
				IPHONEOS_DEPLOYMENT_TARGET = 13.0;
				LD_RUNPATH_SEARCH_PATHS = (
					"$(inherited)",
					"@executable_path/Frameworks",
				);
				PRODUCT_BUNDLE_IDENTIFIER = cecemel.SensorHeadTrack;
				PRODUCT_NAME = "$(TARGET_NAME)";
				SWIFT_VERSION = 5.0;
				TARGETED_DEVICE_FAMILY = "1,2";
			};
			name = Debug;
		};
		825760022583DD1F00804783 /* Release */ = {
			isa = XCBuildConfiguration;
			buildSettings = {
				ASSETCATALOG_COMPILER_APPICON_NAME = AppIcon;
				ASSETCATALOG_COMPILER_GLOBAL_ACCENT_COLOR_NAME = AccentColor;
				CODE_SIGN_STYLE = Automatic;
				DEVELOPMENT_TEAM = UYUTC7A3XW;
				INFOPLIST_FILE = SensorHeadTrack/Info.plist;
				IPHONEOS_DEPLOYMENT_TARGET = 13.0;
				LD_RUNPATH_SEARCH_PATHS = (
					"$(inherited)",
					"@executable_path/Frameworks",
				);
				PRODUCT_BUNDLE_IDENTIFIER = cecemel.SensorHeadTrack;
				PRODUCT_NAME = "$(TARGET_NAME)";
				SWIFT_VERSION = 5.0;
				TARGETED_DEVICE_FAMILY = "1,2";
			};
			name = Release;
		};
		825760042583DD1F00804783 /* Debug */ = {
			isa = XCBuildConfiguration;
			buildSettings = {
				ALWAYS_EMBED_SWIFT_STANDARD_LIBRARIES = YES;
				BUNDLE_LOADER = "$(TEST_HOST)";
				CODE_SIGN_STYLE = Automatic;
				INFOPLIST_FILE = SensorHeadTrackTests/Info.plist;
				IPHONEOS_DEPLOYMENT_TARGET = 14.2;
				LD_RUNPATH_SEARCH_PATHS = (
					"$(inherited)",
					"@executable_path/Frameworks",
					"@loader_path/Frameworks",
				);
				PRODUCT_BUNDLE_IDENTIFIER = cecemel.SensorHeadTrackTests;
				PRODUCT_NAME = "$(TARGET_NAME)";
				SWIFT_VERSION = 5.0;
				TARGETED_DEVICE_FAMILY = "1,2";
				TEST_HOST = "$(BUILT_PRODUCTS_DIR)/SensorHeadTrack.app/SensorHeadTrack";
			};
			name = Debug;
		};
		825760052583DD1F00804783 /* Release */ = {
			isa = XCBuildConfiguration;
			buildSettings = {
				ALWAYS_EMBED_SWIFT_STANDARD_LIBRARIES = YES;
				BUNDLE_LOADER = "$(TEST_HOST)";
				CODE_SIGN_STYLE = Automatic;
				INFOPLIST_FILE = SensorHeadTrackTests/Info.plist;
				IPHONEOS_DEPLOYMENT_TARGET = 14.2;
				LD_RUNPATH_SEARCH_PATHS = (
					"$(inherited)",
					"@executable_path/Frameworks",
					"@loader_path/Frameworks",
				);
				PRODUCT_BUNDLE_IDENTIFIER = cecemel.SensorHeadTrackTests;
				PRODUCT_NAME = "$(TARGET_NAME)";
				SWIFT_VERSION = 5.0;
				TARGETED_DEVICE_FAMILY = "1,2";
				TEST_HOST = "$(BUILT_PRODUCTS_DIR)/SensorHeadTrack.app/SensorHeadTrack";
			};
			name = Release;
		};
		825760072583DD1F00804783 /* Debug */ = {
			isa = XCBuildConfiguration;
			buildSettings = {
				ALWAYS_EMBED_SWIFT_STANDARD_LIBRARIES = YES;
				CODE_SIGN_STYLE = Automatic;
				INFOPLIST_FILE = SensorHeadTrackUITests/Info.plist;
				LD_RUNPATH_SEARCH_PATHS = (
					"$(inherited)",
					"@executable_path/Frameworks",
					"@loader_path/Frameworks",
				);
				PRODUCT_BUNDLE_IDENTIFIER = cecemel.SensorHeadTrackUITests;
				PRODUCT_NAME = "$(TARGET_NAME)";
				SWIFT_VERSION = 5.0;
				TARGETED_DEVICE_FAMILY = "1,2";
				TEST_TARGET_NAME = SensorHeadTrack;
			};
			name = Debug;
		};
		825760082583DD1F00804783 /* Release */ = {
			isa = XCBuildConfiguration;
			buildSettings = {
				ALWAYS_EMBED_SWIFT_STANDARD_LIBRARIES = YES;
				CODE_SIGN_STYLE = Automatic;
				INFOPLIST_FILE = SensorHeadTrackUITests/Info.plist;
				LD_RUNPATH_SEARCH_PATHS = (
					"$(inherited)",
					"@executable_path/Frameworks",
					"@loader_path/Frameworks",
				);
				PRODUCT_BUNDLE_IDENTIFIER = cecemel.SensorHeadTrackUITests;
				PRODUCT_NAME = "$(TARGET_NAME)";
				SWIFT_VERSION = 5.0;
				TARGETED_DEVICE_FAMILY = "1,2";
				TEST_TARGET_NAME = SensorHeadTrack;
			};
			name = Release;
		};
/* End XCBuildConfiguration section */

/* Begin XCConfigurationList section */
		82575FD12583DD1E00804783 /* Build configuration list for PBXProject "SensorHeadTrack" */ = {
			isa = XCConfigurationList;
			buildConfigurations = (
				82575FFE2583DD1F00804783 /* Debug */,
				82575FFF2583DD1F00804783 /* Release */,
			);
			defaultConfigurationIsVisible = 0;
			defaultConfigurationName = Release;
		};
		825760002583DD1F00804783 /* Build configuration list for PBXNativeTarget "SensorHeadTrack" */ = {
			isa = XCConfigurationList;
			buildConfigurations = (
				825760012583DD1F00804783 /* Debug */,
				825760022583DD1F00804783 /* Release */,
			);
			defaultConfigurationIsVisible = 0;
			defaultConfigurationName = Release;
		};
		825760032583DD1F00804783 /* Build configuration list for PBXNativeTarget "SensorHeadTrackTests" */ = {
			isa = XCConfigurationList;
			buildConfigurations = (
				825760042583DD1F00804783 /* Debug */,
				825760052583DD1F00804783 /* Release */,
			);
			defaultConfigurationIsVisible = 0;
			defaultConfigurationName = Release;
		};
		825760062583DD1F00804783 /* Build configuration list for PBXNativeTarget "SensorHeadTrackUITests" */ = {
			isa = XCConfigurationList;
			buildConfigurations = (
				825760072583DD1F00804783 /* Debug */,
				825760082583DD1F00804783 /* Release */,
			);
			defaultConfigurationIsVisible = 0;
			defaultConfigurationName = Release;
		};
/* End XCConfigurationList section */
	};
	rootObject = 82575FCE2583DD1E00804783 /* Project object */;
}
